{
  "version": 1,
  "dependencies": {
    ".NETCoreApp,Version=v3.1": {
      "GitVersionTask": {
        "type": "Direct",
        "requested": "[5.3.7, )",
        "resolved": "5.3.7",
        "contentHash": "2Xpv1Ym6dD29W5ERefnTI6no5aY+E9aNxenvrQtoDDXRXm9wfbD2E3GPu2UFdJ2FW/RM8+rL3+5vQrNRL+YFYQ=="
      }
    }
  }
}