{
  "version": 1,
  "dependencies": {
    ".NETStandard,Version=v2.0": {
      "GitVersionTask": {
        "type": "Direct",
        "requested": "[5.3.7, )",
        "resolved": "5.3.7",
        "contentHash": "2Xpv1Ym6dD29W5ERefnTI6no5aY+E9aNxenvrQtoDDXRXm9wfbD2E3GPu2UFdJ2FW/RM8+rL3+5vQrNRL+YFYQ=="
      },
      "NETStandard.Library": {
        "type": "Direct",
        "requested": "[2.0.3, )",
        "resolved": "2.0.3",
        "contentHash": "st47PosZSHrjECdjeIzZQbzivYBJFv6P2nv4cj2ypdI204DO+vZ7l5raGMiX4eXMJ53RfOIg+/s4DHVZ54Nu2A==",
        "dependencies": {
          "Microsoft.NETCore.Platforms": "1.1.0"
        }
      },
      "Microsoft.NETCore.Platforms": {
        "type": "Transitive",
        "resolved": "1.1.0",
        "contentHash": "kz0PEW2lhqygehI/d6XsPCQzD7ff7gUJaVGPVETX611eadGsA3A877GdSlU0LRVMCTH/+P3o2iDTak+S08V2+A=="
      }
    }
  }
}